
Microsoft Visual Studio Solution File, Format Version 12.00
# Visual Studio Version 17
VisualStudioVersion = 17.2.32602.215
MinimumVisualStudioVersion = 10.0.40219.1
Project("{FAE04EC0-301F-11D3-BF4B-00C04F79EFBC}") = "Focus", "Focus.csproj", "{1948A281-3868-4A0A-AAEE-2824D6DD037A}"
EndProject
Global
	GlobalSection(SolutionConfigurationPlatforms) = preSolution
		Debug|Any CPU = Debug|Any CPU
		Release|Any CPU = Release|Any CPU
	EndGlobalSection
	GlobalSection(ProjectConfigurationPlatforms) = postSolution
		{1948A281-3868-4A0A-AAEE-2824D6DD037A}.Debug|Any CPU.ActiveCfg = Debug|Any CPU
		{1948A281-3868-4A0A-AAEE-2824D6DD037A}.Debug|Any CPU.Build.0 = Debug|Any CPU
		{1948A281-3868-4A0A-AAEE-2824D6DD037A}.Release|Any CPU.ActiveCfg = Release|Any CPU
		{1948A281-3868-4A0A-AAEE-2824D6DD037A}.Release|Any CPU.Build.0 = Release|Any CPU
	EndGlobalSection
	GlobalSection(SolutionProperties) = preSolution
		HideSolutionNode = FALSE
	EndGlobalSection
	GlobalSection(ExtensibilityGlobals) = postSolution
		SolutionGuid = {864952E5-F362-434F-A5CA-83495CEF7F60}
	EndGlobalSection
EndGlobal
